
Microsoft Visual Studio Solution File, Format Version 12.00
# Visual Studio Version 16
VisualStudioVersion = 16.0.29519.181
MinimumVisualStudioVersion = 10.0.40219.1
Project("{FAE04EC0-301F-11D3-BF4B-00C04F79EFBC}") = "GreenMonkeysMVC", "GreenMonkeysMVC\GreenMonkeysMVC.csproj", "{0DE69689-29C0-4326-8369-FE8B4673682B}"
EndProject
Global
	GlobalSection(SolutionConfigurationPlatforms) = preSolution
		Debug|Any CPU = Debug|Any CPU
		Release|Any CPU = Release|Any CPU
	EndGlobalSection
	GlobalSection(ProjectConfigurationPlatforms) = postSolution
		{0DE69689-29C0-4326-8369-FE8B4673682B}.Debug|Any CPU.ActiveCfg = Debug|Any CPU
		{0DE69689-29C0-4326-8369-FE8B4673682B}.Debug|Any CPU.Build.0 = Debug|Any CPU
		{0DE69689-29C0-4326-8369-FE8B4673682B}.Release|Any CPU.ActiveCfg = Release|Any CPU
		{0DE69689-29C0-4326-8369-FE8B4673682B}.Release|Any CPU.Build.0 = Release|Any CPU
	EndGlobalSection
	GlobalSection(SolutionProperties) = preSolution
		HideSolutionNode = FALSE
	EndGlobalSection
	GlobalSection(ExtensibilityGlobals) = postSolution
		SolutionGuid = {2FD4C25B-3B08-40DC-880D-29080F315F77}
	EndGlobalSection
EndGlobal
